
Microsoft Visual Studio Solution File, Format Version 12.00
# Visual Studio Version 16
VisualStudioVersion = 16.0.30611.23
MinimumVisualStudioVersion = 10.0.40219.1
Project("{FAE04EC0-301F-11D3-BF4B-00C04F79EFBC}") = "ProductManagement", "ProductManagement\ProductManagement.csproj", "{32E38C7B-7E25-4D07-8038-84B7C596945E}"
EndProject
Project("{FAE04EC0-301F-11D3-BF4B-00C04F79EFBC}") = "ProductManagement.Tests", "ProductManagement.Tests\ProductManagement.Tests.csproj", "{36C1484E-2285-4FF8-9768-75F142C64802}"
EndProject
Global
	GlobalSection(SolutionConfigurationPlatforms) = preSolution
		Debug|Any CPU = Debug|Any CPU
		Release|Any CPU = Release|Any CPU
	EndGlobalSection
	GlobalSection(ProjectConfigurationPlatforms) = postSolution
		{32E38C7B-7E25-4D07-8038-84B7C596945E}.Debug|Any CPU.ActiveCfg = Debug|Any CPU
		{32E38C7B-7E25-4D07-8038-84B7C596945E}.Debug|Any CPU.Build.0 = Debug|Any CPU
		{32E38C7B-7E25-4D07-8038-84B7C596945E}.Release|Any CPU.ActiveCfg = Release|Any CPU
		{32E38C7B-7E25-4D07-8038-84B7C596945E}.Release|Any CPU.Build.0 = Release|Any CPU
		{36C1484E-2285-4FF8-9768-75F142C64802}.Debug|Any CPU.ActiveCfg = Debug|Any CPU
		{36C1484E-2285-4FF8-9768-75F142C64802}.Debug|Any CPU.Build.0 = Debug|Any CPU
		{36C1484E-2285-4FF8-9768-75F142C64802}.Release|Any CPU.ActiveCfg = Release|Any CPU
		{36C1484E-2285-4FF8-9768-75F142C64802}.Release|Any CPU.Build.0 = Release|Any CPU
	EndGlobalSection
	GlobalSection(SolutionProperties) = preSolution
		HideSolutionNode = FALSE
	EndGlobalSection
	GlobalSection(ExtensibilityGlobals) = postSolution
		SolutionGuid = {561E24F8-636A-4125-A94E-87565D075106}
	EndGlobalSection
EndGlobal
